
Microsoft Visual Studio Solution File, Format Version 12.00
# Visual Studio 15
Project("{FAE04EC0-301F-11D3-BF4B-00C04F79EFBC}") = "Assembly-CSharp", "Assembly-CSharp.csproj", "{2D0AC0B1-7E69-1C7A-79C0-6413CD6C84D2}"
EndProject
Project("{FAE04EC0-301F-11D3-BF4B-00C04F79EFBC}") = "Assembly-CSharp-Editor", "Assembly-CSharp-Editor.csproj", "{245F0F3B-C85F-251F-1377-13481EE787EA}"
EndProject
Global
	GlobalSection(SolutionConfigurationPlatforms) = preSolution
		Debug|Any CPU = Debug|Any CPU
		Release|Any CPU = Release|Any CPU
	EndGlobalSection
	GlobalSection(ProjectConfigurationPlatforms) = postSolution
		{2D0AC0B1-7E69-1C7A-79C0-6413CD6C84D2}.Debug|Any CPU.ActiveCfg = Debug|Any CPU
		{2D0AC0B1-7E69-1C7A-79C0-6413CD6C84D2}.Debug|Any CPU.Build.0 = Debug|Any CPU
		{2D0AC0B1-7E69-1C7A-79C0-6413CD6C84D2}.Release|Any CPU.ActiveCfg = Release|Any CPU
		{2D0AC0B1-7E69-1C7A-79C0-6413CD6C84D2}.Release|Any CPU.Build.0 = Release|Any CPU
		{245F0F3B-C85F-251F-1377-13481EE787EA}.Debug|Any CPU.ActiveCfg = Debug|Any CPU
		{245F0F3B-C85F-251F-1377-13481EE787EA}.Debug|Any CPU.Build.0 = Debug|Any CPU
		{245F0F3B-C85F-251F-1377-13481EE787EA}.Release|Any CPU.ActiveCfg = Release|Any CPU
		{245F0F3B-C85F-251F-1377-13481EE787EA}.Release|Any CPU.Build.0 = Release|Any CPU
	EndGlobalSection
	GlobalSection(SolutionProperties) = preSolution
		HideSolutionNode = FALSE
	EndGlobalSection
EndGlobal
